
Microsoft Visual Studio Solution File, Format Version 12.00
# Visual Studio Version 17
VisualStudioVersion = 17.1.32210.238
MinimumVisualStudioVersion = 10.0.40219.1
Project("{FAE04EC0-301F-11D3-BF4B-00C04F79EFBC}") = "Lab8WPF", "Lab8WPF\Lab8WPF.csproj", "{43AE6F79-CB8A-4A25-A3BF-5253816FCA4B}"
EndProject
Global
	GlobalSection(SolutionConfigurationPlatforms) = preSolution
		Debug|Any CPU = Debug|Any CPU
		Release|Any CPU = Release|Any CPU
	EndGlobalSection
	GlobalSection(ProjectConfigurationPlatforms) = postSolution
		{43AE6F79-CB8A-4A25-A3BF-5253816FCA4B}.Debug|Any CPU.ActiveCfg = Debug|Any CPU
		{43AE6F79-CB8A-4A25-A3BF-5253816FCA4B}.Debug|Any CPU.Build.0 = Debug|Any CPU
		{43AE6F79-CB8A-4A25-A3BF-5253816FCA4B}.Release|Any CPU.ActiveCfg = Release|Any CPU
		{43AE6F79-CB8A-4A25-A3BF-5253816FCA4B}.Release|Any CPU.Build.0 = Release|Any CPU
	EndGlobalSection
	GlobalSection(SolutionProperties) = preSolution
		HideSolutionNode = FALSE
	EndGlobalSection
	GlobalSection(ExtensibilityGlobals) = postSolution
		SolutionGuid = {E632A316-6A2D-4741-A727-7B8F61BACF00}
	EndGlobalSection
EndGlobal
